// !$*UTF8*$!
{
	archiveVersion = 1;
	classes = {
	};
	objectVersion = 55;
	objects = {

/* Begin PBXBuildFile section */
		8BC9D194282FBE4B0004D46B /* UI.docc in Sources */ = {isa = PBXBuildFile; fileRef = 8BC9D193282FBE4B0004D46B /* UI.docc */; };
		8BC9D19A282FBE4C0004D46B /* UI.framework in Frameworks */ = {isa = PBXBuildFile; fileRef = 8BC9D18F282FBE4B0004D46B /* UI.framework */; };
		8BC9D19F282FBE4C0004D46B /* UITests.swift in Sources */ = {isa = PBXBuildFile; fileRef = 8BC9D19E282FBE4C0004D46B /* UITests.swift */; };
		8BC9D1A0282FBE4C0004D46B /* UI.h in Headers */ = {isa = PBXBuildFile; fileRef = 8BC9D192282FBE4B0004D46B /* UI.h */; settings = {ATTRIBUTES = (Public, ); }; };
		8BC9D1D3282FCF280004D46B /* HeroesCell.swift in Sources */ = {isa = PBXBuildFile; fileRef = 8BC9D1D1282FCF280004D46B /* HeroesCell.swift */; };
		8BC9D1D4282FCF280004D46B /* HeroesCell.xib in Resources */ = {isa = PBXBuildFile; fileRef = 8BC9D1D2282FCF280004D46B /* HeroesCell.xib */; };
		8BC9D1D8282FD1E00004D46B /* UIDataBinder.swift in Sources */ = {isa = PBXBuildFile; fileRef = 8BC9D1D7282FD1E00004D46B /* UIDataBinder.swift */; };
		8BC9D1DB282FD6590004D46B /* HeroDetailsComponent.swift in Sources */ = {isa = PBXBuildFile; fileRef = 8BC9D1DA282FD6590004D46B /* HeroDetailsComponent.swift */; };
		8BC9D1DD282FD6700004D46B /* HeroDetailsComponent.xib in Resources */ = {isa = PBXBuildFile; fileRef = 8BC9D1DC282FD6700004D46B /* HeroDetailsComponent.xib */; };
/* End PBXBuildFile section */

/* Begin PBXContainerItemProxy section */
		8BC9D19B282FBE4C0004D46B /* PBXContainerItemProxy */ = {
			isa = PBXContainerItemProxy;
			containerPortal = 8BC9D186282FBE4B0004D46B /* Project object */;
			proxyType = 1;
			remoteGlobalIDString = 8BC9D18E282FBE4B0004D46B;
			remoteInfo = UI;
		};
/* End PBXContainerItemProxy section */

/* Begin PBXFileReference section */
		8BC9D18F282FBE4B0004D46B /* UI.framework */ = {isa = PBXFileReference; explicitFileType = wrapper.framework; includeInIndex = 0; path = UI.framework; sourceTree = BUILT_PRODUCTS_DIR; };
		8BC9D192282FBE4B0004D46B /* UI.h */ = {isa = PBXFileReference; lastKnownFileType = sourcecode.c.h; path = UI.h; sourceTree = "<group>"; };
		8BC9D193282FBE4B0004D46B /* UI.docc */ = {isa = PBXFileReference; lastKnownFileType = folder.documentationcatalog; path = UI.docc; sourceTree = "<group>"; };
		8BC9D199282FBE4C0004D46B /* UITests.xctest */ = {isa = PBXFileReference; explicitFileType = wrapper.cfbundle; includeInIndex = 0; path = UITests.xctest; sourceTree = BUILT_PRODUCTS_DIR; };
		8BC9D19E282FBE4C0004D46B /* UITests.swift */ = {isa = PBXFileReference; lastKnownFileType = sourcecode.swift; path = UITests.swift; sourceTree = "<group>"; };
		8BC9D1D1282FCF280004D46B /* HeroesCell.swift */ = {isa = PBXFileReference; lastKnownFileType = sourcecode.swift; path = HeroesCell.swift; sourceTree = "<group>"; };
		8BC9D1D2282FCF280004D46B /* HeroesCell.xib */ = {isa = PBXFileReference; lastKnownFileType = file.xib; path = HeroesCell.xib; sourceTree = "<group>"; };
		8BC9D1D7282FD1E00004D46B /* UIDataBinder.swift */ = {isa = PBXFileReference; lastKnownFileType = sourcecode.swift; path = UIDataBinder.swift; sourceTree = "<group>"; };
		8BC9D1DA282FD6590004D46B /* HeroDetailsComponent.swift */ = {isa = PBXFileReference; lastKnownFileType = sourcecode.swift; path = HeroDetailsComponent.swift; sourceTree = "<group>"; };
		8BC9D1DC282FD6700004D46B /* HeroDetailsComponent.xib */ = {isa = PBXFileReference; lastKnownFileType = file.xib; path = HeroDetailsComponent.xib; sourceTree = "<group>"; };
/* End PBXFileReference section */

/* Begin PBXFrameworksBuildPhase section */
		8BC9D18C282FBE4B0004D46B /* Frameworks */ = {
			isa = PBXFrameworksBuildPhase;
			buildActionMask = 2147483647;
			files = (
			);
			runOnlyForDeploymentPostprocessing = 0;
		};
		8BC9D196282FBE4C0004D46B /* Frameworks */ = {
			isa = PBXFrameworksBuildPhase;
			buildActionMask = 2147483647;
			files = (
				8BC9D19A282FBE4C0004D46B /* UI.framework in Frameworks */,
			);
			runOnlyForDeploymentPostprocessing = 0;
		};
/* End PBXFrameworksBuildPhase section */

/* Begin PBXGroup section */
		8BC9D185282FBE4B0004D46B = {
			isa = PBXGroup;
			children = (
				8BC9D191282FBE4B0004D46B /* UI */,
				8BC9D19D282FBE4C0004D46B /* UITests */,
				8BC9D190282FBE4B0004D46B /* Products */,
			);
			sourceTree = "<group>";
		};
		8BC9D190282FBE4B0004D46B /* Products */ = {
			isa = PBXGroup;
			children = (
				8BC9D18F282FBE4B0004D46B /* UI.framework */,
				8BC9D199282FBE4C0004D46B /* UITests.xctest */,
			);
			name = Products;
			sourceTree = "<group>";
		};
		8BC9D191282FBE4B0004D46B /* UI */ = {
			isa = PBXGroup;
			children = (
				8BC9D1D5282FD1B60004D46B /* Common */,
				8BC9D1CD282FCE5E0004D46B /* Heroes */,
				8BC9D192282FBE4B0004D46B /* UI.h */,
				8BC9D193282FBE4B0004D46B /* UI.docc */,
			);
			path = UI;
			sourceTree = "<group>";
		};
		8BC9D19D282FBE4C0004D46B /* UITests */ = {
			isa = PBXGroup;
			children = (
				8BC9D19E282FBE4C0004D46B /* UITests.swift */,
			);
			path = UITests;
			sourceTree = "<group>";
		};
		8BC9D1CD282FCE5E0004D46B /* Heroes */ = {
			isa = PBXGroup;
			children = (
				8BC9D1CF282FCEC60004D46B /* Details */,
				8BC9D1CE282FCE840004D46B /* List */,
			);
			path = Heroes;
			sourceTree = "<group>";
		};
		8BC9D1CE282FCE840004D46B /* List */ = {
			isa = PBXGroup;
			children = (
				8BC9D1D0282FCED60004D46B /* Components */,
			);
			path = List;
			sourceTree = "<group>";
		};
		8BC9D1CF282FCEC60004D46B /* Details */ = {
			isa = PBXGroup;
			children = (
				8BC9D1D9282FD6150004D46B /* Components */,
			);
			path = Details;
			sourceTree = "<group>";
		};
		8BC9D1D0282FCED60004D46B /* Components */ = {
			isa = PBXGroup;
			children = (
				8BC9D1D1282FCF280004D46B /* HeroesCell.swift */,
				8BC9D1D2282FCF280004D46B /* HeroesCell.xib */,
			);
			path = Components;
			sourceTree = "<group>";
		};
		8BC9D1D5282FD1B60004D46B /* Common */ = {
			isa = PBXGroup;
			children = (
				8BC9D1D6282FD1BF0004D46B /* Porotocols */,
			);
			path = Common;
			sourceTree = "<group>";
		};
		8BC9D1D6282FD1BF0004D46B /* Porotocols */ = {
			isa = PBXGroup;
			children = (
				8BC9D1D7282FD1E00004D46B /* UIDataBinder.swift */,
			);
			path = Porotocols;
			sourceTree = "<group>";
		};
		8BC9D1D9282FD6150004D46B /* Components */ = {
			isa = PBXGroup;
			children = (
				8BC9D1DA282FD6590004D46B /* HeroDetailsComponent.swift */,
				8BC9D1DC282FD6700004D46B /* HeroDetailsComponent.xib */,
			);
			path = Components;
			sourceTree = "<group>";
		};
/* End PBXGroup section */

/* Begin PBXHeadersBuildPhase section */
		8BC9D18A282FBE4B0004D46B /* Headers */ = {
			isa = PBXHeadersBuildPhase;
			buildActionMask = 2147483647;
			files = (
				8BC9D1A0282FBE4C0004D46B /* UI.h in Headers */,
			);
			runOnlyForDeploymentPostprocessing = 0;
		};
/* End PBXHeadersBuildPhase section */

/* Begin PBXNativeTarget section */
		8BC9D18E282FBE4B0004D46B /* UI */ = {
			isa = PBXNativeTarget;
			buildConfigurationList = 8BC9D1A3282FBE4C0004D46B /* Build configuration list for PBXNativeTarget "UI" */;
			buildPhases = (
				8BC9D18A282FBE4B0004D46B /* Headers */,
				8BC9D18B282FBE4B0004D46B /* Sources */,
				8BC9D18C282FBE4B0004D46B /* Frameworks */,
				8BC9D18D282FBE4B0004D46B /* Resources */,
			);
			buildRules = (
			);
			dependencies = (
			);
			name = UI;
			productName = UI;
			productReference = 8BC9D18F282FBE4B0004D46B /* UI.framework */;
			productType = "com.apple.product-type.framework";
		};
		8BC9D198282FBE4C0004D46B /* UITests */ = {
			isa = PBXNativeTarget;
			buildConfigurationList = 8BC9D1A6282FBE4C0004D46B /* Build configuration list for PBXNativeTarget "UITests" */;
			buildPhases = (
				8BC9D195282FBE4C0004D46B /* Sources */,
				8BC9D196282FBE4C0004D46B /* Frameworks */,
				8BC9D197282FBE4C0004D46B /* Resources */,
			);
			buildRules = (
			);
			dependencies = (
				8BC9D19C282FBE4C0004D46B /* PBXTargetDependency */,
			);
			name = UITests;
			productName = UITests;
			productReference = 8BC9D199282FBE4C0004D46B /* UITests.xctest */;
			productType = "com.apple.product-type.bundle.unit-test";
		};
/* End PBXNativeTarget section */

/* Begin PBXProject section */
		8BC9D186282FBE4B0004D46B /* Project object */ = {
			isa = PBXProject;
			attributes = {
				BuildIndependentTargetsInParallel = 1;
				LastSwiftUpdateCheck = 1330;
				LastUpgradeCheck = 1330;
				TargetAttributes = {
					8BC9D18E282FBE4B0004D46B = {
						CreatedOnToolsVersion = 13.3.1;
					};
					8BC9D198282FBE4C0004D46B = {
						CreatedOnToolsVersion = 13.3.1;
					};
				};
			};
			buildConfigurationList = 8BC9D189282FBE4B0004D46B /* Build configuration list for PBXProject "UI" */;
			compatibilityVersion = "Xcode 13.0";
			developmentRegion = en;
			hasScannedForEncodings = 0;
			knownRegions = (
				en,
				Base,
			);
			mainGroup = 8BC9D185282FBE4B0004D46B;
			productRefGroup = 8BC9D190282FBE4B0004D46B /* Products */;
			projectDirPath = "";
			projectRoot = "";
			targets = (
				8BC9D18E282FBE4B0004D46B /* UI */,
				8BC9D198282FBE4C0004D46B /* UITests */,
			);
		};
/* End PBXProject section */

/* Begin PBXResourcesBuildPhase section */
		8BC9D18D282FBE4B0004D46B /* Resources */ = {
			isa = PBXResourcesBuildPhase;
			buildActionMask = 2147483647;
			files = (
				8BC9D1DD282FD6700004D46B /* HeroDetailsComponent.xib in Resources */,
				8BC9D1D4282FCF280004D46B /* HeroesCell.xib in Resources */,
			);
			runOnlyForDeploymentPostprocessing = 0;
		};
		8BC9D197282FBE4C0004D46B /* Resources */ = {
			isa = PBXResourcesBuildPhase;
			buildActionMask = 2147483647;
			files = (
			);
			runOnlyForDeploymentPostprocessing = 0;
		};
/* End PBXResourcesBuildPhase section */

/* Begin PBXSourcesBuildPhase section */
		8BC9D18B282FBE4B0004D46B /* Sources */ = {
			isa = PBXSourcesBuildPhase;
			buildActionMask = 2147483647;
			files = (
				8BC9D1DB282FD6590004D46B /* HeroDetailsComponent.swift in Sources */,
				8BC9D1D8282FD1E00004D46B /* UIDataBinder.swift in Sources */,
				8BC9D194282FBE4B0004D46B /* UI.docc in Sources */,
				8BC9D1D3282FCF280004D46B /* HeroesCell.swift in Sources */,
			);
			runOnlyForDeploymentPostprocessing = 0;
		};
		8BC9D195282FBE4C0004D46B /* Sources */ = {
			isa = PBXSourcesBuildPhase;
			buildActionMask = 2147483647;
			files = (
				8BC9D19F282FBE4C0004D46B /* UITests.swift in Sources */,
			);
			runOnlyForDeploymentPostprocessing = 0;
		};
/* End PBXSourcesBuildPhase section */

/* Begin PBXTargetDependency section */
		8BC9D19C282FBE4C0004D46B /* PBXTargetDependency */ = {
			isa = PBXTargetDependency;
			target = 8BC9D18E282FBE4B0004D46B /* UI */;
			targetProxy = 8BC9D19B282FBE4C0004D46B /* PBXContainerItemProxy */;
		};
/* End PBXTargetDependency section */

/* Begin XCBuildConfiguration section */
		8BC9D1A1282FBE4C0004D46B /* Debug */ = {
			isa = XCBuildConfiguration;
			buildSettings = {
				ALWAYS_SEARCH_USER_PATHS = NO;
				CLANG_ANALYZER_NONNULL = YES;
				CLANG_ANALYZER_NUMBER_OBJECT_CONVERSION = YES_AGGRESSIVE;
				CLANG_CXX_LANGUAGE_STANDARD = "gnu++17";
				CLANG_ENABLE_MODULES = YES;
				CLANG_ENABLE_OBJC_ARC = YES;
				CLANG_ENABLE_OBJC_WEAK = YES;
				CLANG_WARN_BLOCK_CAPTURE_AUTORELEASING = YES;
				CLANG_WARN_BOOL_CONVERSION = YES;
				CLANG_WARN_COMMA = YES;
				CLANG_WARN_CONSTANT_CONVERSION = YES;
				CLANG_WARN_DEPRECATED_OBJC_IMPLEMENTATIONS = YES;
				CLANG_WARN_DIRECT_OBJC_ISA_USAGE = YES_ERROR;
				CLANG_WARN_DOCUMENTATION_COMMENTS = YES;
				CLANG_WARN_EMPTY_BODY = YES;
				CLANG_WARN_ENUM_CONVERSION = YES;
				CLANG_WARN_INFINITE_RECURSION = YES;
				CLANG_WARN_INT_CONVERSION = YES;
				CLANG_WARN_NON_LITERAL_NULL_CONVERSION = YES;
				CLANG_WARN_OBJC_IMPLICIT_RETAIN_SELF = YES;
				CLANG_WARN_OBJC_LITERAL_CONVERSION = YES;
				CLANG_WARN_OBJC_ROOT_CLASS = YES_ERROR;
				CLANG_WARN_QUOTED_INCLUDE_IN_FRAMEWORK_HEADER = YES;
				CLANG_WARN_RANGE_LOOP_ANALYSIS = YES;
				CLANG_WARN_STRICT_PROTOTYPES = YES;
				CLANG_WARN_SUSPICIOUS_MOVE = YES;
				CLANG_WARN_UNGUARDED_AVAILABILITY = YES_AGGRESSIVE;
				CLANG_WARN_UNREACHABLE_CODE = YES;
				CLANG_WARN__DUPLICATE_METHOD_MATCH = YES;
				COPY_PHASE_STRIP = NO;
				CURRENT_PROJECT_VERSION = 1;
				DEBUG_INFORMATION_FORMAT = dwarf;
				ENABLE_STRICT_OBJC_MSGSEND = YES;
				ENABLE_TESTABILITY = YES;
				GCC_C_LANGUAGE_STANDARD = gnu11;
				GCC_DYNAMIC_NO_PIC = NO;
				GCC_NO_COMMON_BLOCKS = YES;
				GCC_OPTIMIZATION_LEVEL = 0;
				GCC_PREPROCESSOR_DEFINITIONS = (
					"DEBUG=1",
					"$(inherited)",
				);
				GCC_WARN_64_TO_32_BIT_CONVERSION = YES;
				GCC_WARN_ABOUT_RETURN_TYPE = YES_ERROR;
				GCC_WARN_UNDECLARED_SELECTOR = YES;
				GCC_WARN_UNINITIALIZED_AUTOS = YES_AGGRESSIVE;
				GCC_WARN_UNUSED_FUNCTION = YES;
				GCC_WARN_UNUSED_VARIABLE = YES;
				IPHONEOS_DEPLOYMENT_TARGET = 15.4;
				MTL_ENABLE_DEBUG_INFO = INCLUDE_SOURCE;
				MTL_FAST_MATH = YES;
				ONLY_ACTIVE_ARCH = YES;
				SDKROOT = iphoneos;
				SWIFT_ACTIVE_COMPILATION_CONDITIONS = DEBUG;
				SWIFT_OPTIMIZATION_LEVEL = "-Onone";
				VERSIONING_SYSTEM = "apple-generic";
				VERSION_INFO_PREFIX = "";
			};
			name = Debug;
		};
		8BC9D1A2282FBE4C0004D46B /* Release */ = {
			isa = XCBuildConfiguration;
			buildSettings = {
				ALWAYS_SEARCH_USER_PATHS = NO;
				CLANG_ANALYZER_NONNULL = YES;
				CLANG_ANALYZER_NUMBER_OBJECT_CONVERSION = YES_AGGRESSIVE;
				CLANG_CXX_LANGUAGE_STANDARD = "gnu++17";
				CLANG_ENABLE_MODULES = YES;
				CLANG_ENABLE_OBJC_ARC = YES;
				CLANG_ENABLE_OBJC_WEAK = YES;
				CLANG_WARN_BLOCK_CAPTURE_AUTORELEASING = YES;
				CLANG_WARN_BOOL_CONVERSION = YES;
				CLANG_WARN_COMMA = YES;
				CLANG_WARN_CONSTANT_CONVERSION = YES;
				CLANG_WARN_DEPRECATED_OBJC_IMPLEMENTATIONS = YES;
				CLANG_WARN_DIRECT_OBJC_ISA_USAGE = YES_ERROR;
				CLANG_WARN_DOCUMENTATION_COMMENTS = YES;
				CLANG_WARN_EMPTY_BODY = YES;
				CLANG_WARN_ENUM_CONVERSION = YES;
				CLANG_WARN_INFINITE_RECURSION = YES;
				CLANG_WARN_INT_CONVERSION = YES;
				CLANG_WARN_NON_LITERAL_NULL_CONVERSION = YES;
				CLANG_WARN_OBJC_IMPLICIT_RETAIN_SELF = YES;
				CLANG_WARN_OBJC_LITERAL_CONVERSION = YES;
				CLANG_WARN_OBJC_ROOT_CLASS = YES_ERROR;
				CLANG_WARN_QUOTED_INCLUDE_IN_FRAMEWORK_HEADER = YES;
				CLANG_WARN_RANGE_LOOP_ANALYSIS = YES;
				CLANG_WARN_STRICT_PROTOTYPES = YES;
				CLANG_WARN_SUSPICIOUS_MOVE = YES;
				CLANG_WARN_UNGUARDED_AVAILABILITY = YES_AGGRESSIVE;
				CLANG_WARN_UNREACHABLE_CODE = YES;
				CLANG_WARN__DUPLICATE_METHOD_MATCH = YES;
				COPY_PHASE_STRIP = NO;
				CURRENT_PROJECT_VERSION = 1;
				DEBUG_INFORMATION_FORMAT = "dwarf-with-dsym";
				ENABLE_NS_ASSERTIONS = NO;
				ENABLE_STRICT_OBJC_MSGSEND = YES;
				GCC_C_LANGUAGE_STANDARD = gnu11;
				GCC_NO_COMMON_BLOCKS = YES;
				GCC_WARN_64_TO_32_BIT_CONVERSION = YES;
				GCC_WARN_ABOUT_RETURN_TYPE = YES_ERROR;
				GCC_WARN_UNDECLARED_SELECTOR = YES;
				GCC_WARN_UNINITIALIZED_AUTOS = YES_AGGRESSIVE;
				GCC_WARN_UNUSED_FUNCTION = YES;
				GCC_WARN_UNUSED_VARIABLE = YES;
				IPHONEOS_DEPLOYMENT_TARGET = 15.4;
				MTL_ENABLE_DEBUG_INFO = NO;
				MTL_FAST_MATH = YES;
				SDKROOT = iphoneos;
				SWIFT_COMPILATION_MODE = wholemodule;
				SWIFT_OPTIMIZATION_LEVEL = "-O";
				VALIDATE_PRODUCT = YES;
				VERSIONING_SYSTEM = "apple-generic";
				VERSION_INFO_PREFIX = "";
			};
			name = Release;
		};
		8BC9D1A4282FBE4C0004D46B /* Debug */ = {
			isa = XCBuildConfiguration;
			buildSettings = {
				CODE_SIGN_STYLE = Automatic;
				CURRENT_PROJECT_VERSION = 1;
				DEFINES_MODULE = YES;
				DEVELOPMENT_TEAM = C2374G5TD6;
				DYLIB_COMPATIBILITY_VERSION = 1;
				DYLIB_CURRENT_VERSION = 1;
				DYLIB_INSTALL_NAME_BASE = "@rpath";
				GENERATE_INFOPLIST_FILE = YES;
				INFOPLIST_KEY_NSHumanReadableCopyright = "";
				INSTALL_PATH = "$(LOCAL_LIBRARY_DIR)/Frameworks";
				LD_RUNPATH_SEARCH_PATHS = (
					"$(inherited)",
					"@executable_path/Frameworks",
					"@loader_path/Frameworks",
				);
				MARKETING_VERSION = 1.0;
				PRODUCT_BUNDLE_IDENTIFIER = test.UI;
				PRODUCT_NAME = "$(TARGET_NAME:c99extidentifier)";
				SKIP_INSTALL = YES;
				SWIFT_EMIT_LOC_STRINGS = YES;
				SWIFT_VERSION = 5.0;
				TARGETED_DEVICE_FAMILY = "1,2";
			};
			name = Debug;
		};
		8BC9D1A5282FBE4C0004D46B /* Release */ = {
			isa = XCBuildConfiguration;
			buildSettings = {
				CODE_SIGN_STYLE = Automatic;
				CURRENT_PROJECT_VERSION = 1;
				DEFINES_MODULE = YES;
				DEVELOPMENT_TEAM = C2374G5TD6;
				DYLIB_COMPATIBILITY_VERSION = 1;
				DYLIB_CURRENT_VERSION = 1;
				DYLIB_INSTALL_NAME_BASE = "@rpath";
				GENERATE_INFOPLIST_FILE = YES;
				INFOPLIST_KEY_NSHumanReadableCopyright = "";
				INSTALL_PATH = "$(LOCAL_LIBRARY_DIR)/Frameworks";
				LD_RUNPATH_SEARCH_PATHS = (
					"$(inherited)",
					"@executable_path/Frameworks",
					"@loader_path/Frameworks",
				);
				MARKETING_VERSION = 1.0;
				PRODUCT_BUNDLE_IDENTIFIER = test.UI;
				PRODUCT_NAME = "$(TARGET_NAME:c99extidentifier)";
				SKIP_INSTALL = YES;
				SWIFT_EMIT_LOC_STRINGS = YES;
				SWIFT_VERSION = 5.0;
				TARGETED_DEVICE_FAMILY = "1,2";
			};
			name = Release;
		};
		8BC9D1A7282FBE4C0004D46B /* Debug */ = {
			isa = XCBuildConfiguration;
			buildSettings = {
				ALWAYS_EMBED_SWIFT_STANDARD_LIBRARIES = YES;
				CODE_SIGN_STYLE = Automatic;
				CURRENT_PROJECT_VERSION = 1;
				DEVELOPMENT_TEAM = C2374G5TD6;
				GENERATE_INFOPLIST_FILE = YES;
				MARKETING_VERSION = 1.0;
				PRODUCT_BUNDLE_IDENTIFIER = test.UITests;
				PRODUCT_NAME = "$(TARGET_NAME)";
				SWIFT_EMIT_LOC_STRINGS = NO;
				SWIFT_VERSION = 5.0;
				TARGETED_DEVICE_FAMILY = "1,2";
			};
			name = Debug;
		};
		8BC9D1A8282FBE4C0004D46B /* Release */ = {
			isa = XCBuildConfiguration;
			buildSettings = {
				ALWAYS_EMBED_SWIFT_STANDARD_LIBRARIES = YES;
				CODE_SIGN_STYLE = Automatic;
				CURRENT_PROJECT_VERSION = 1;
				DEVELOPMENT_TEAM = C2374G5TD6;
				GENERATE_INFOPLIST_FILE = YES;
				MARKETING_VERSION = 1.0;
				PRODUCT_BUNDLE_IDENTIFIER = test.UITests;
				PRODUCT_NAME = "$(TARGET_NAME)";
				SWIFT_EMIT_LOC_STRINGS = NO;
				SWIFT_VERSION = 5.0;
				TARGETED_DEVICE_FAMILY = "1,2";
			};
			name = Release;
		};
/* End XCBuildConfiguration section */

/* Begin XCConfigurationList section */
		8BC9D189282FBE4B0004D46B /* Build configuration list for PBXProject "UI" */ = {
			isa = XCConfigurationList;
			buildConfigurations = (
				8BC9D1A1282FBE4C0004D46B /* Debug */,
				8BC9D1A2282FBE4C0004D46B /* Release */,
			);
			defaultConfigurationIsVisible = 0;
			defaultConfigurationName = Release;
		};
		8BC9D1A3282FBE4C0004D46B /* Build configuration list for PBXNativeTarget "UI" */ = {
			isa = XCConfigurationList;
			buildConfigurations = (
				8BC9D1A4282FBE4C0004D46B /* Debug */,
				8BC9D1A5282FBE4C0004D46B /* Release */,
			);
			defaultConfigurationIsVisible = 0;
			defaultConfigurationName = Release;
		};
		8BC9D1A6282FBE4C0004D46B /* Build configuration list for PBXNativeTarget "UITests" */ = {
			isa = XCConfigurationList;
			buildConfigurations = (
				8BC9D1A7282FBE4C0004D46B /* Debug */,
				8BC9D1A8282FBE4C0004D46B /* Release */,
			);
			defaultConfigurationIsVisible = 0;
			defaultConfigurationName = Release;
		};
/* End XCConfigurationList section */
	};
	rootObject = 8BC9D186282FBE4B0004D46B /* Project object */;
}
