// !$*UTF8*$!
{
	archiveVersion = 1;
	classes = {
	};
	objectVersion = 55;
	objects = {

/* Begin PBXBuildFile section */
		8B9130D52831729000E870AA /* Hero.swift in Sources */ = {isa = PBXBuildFile; fileRef = 8B9130D42831729000E870AA /* Hero.swift */; };
		8B9130D72831732D00E870AA /* HeroError.swift in Sources */ = {isa = PBXBuildFile; fileRef = 8B9130D62831732D00E870AA /* HeroError.swift */; };
		8B9130DC2831738700E870AA /* HeroDetails.swift in Sources */ = {isa = PBXBuildFile; fileRef = 8B9130DB2831738700E870AA /* HeroDetails.swift */; };
		8B9130DE283173E900E870AA /* HeroDetailsError.swift in Sources */ = {isa = PBXBuildFile; fileRef = 8B9130DD283173E900E870AA /* HeroDetailsError.swift */; };
		8B9130E6283174E600E870AA /* LoadHeroesUseCaseInterface.swift in Sources */ = {isa = PBXBuildFile; fileRef = 8B9130E5283174E600E870AA /* LoadHeroesUseCaseInterface.swift */; };
		8B9130EC2831754600E870AA /* Common.framework in Frameworks */ = {isa = PBXBuildFile; fileRef = 8B9130EB2831754600E870AA /* Common.framework */; };
		8B9130ED2831754600E870AA /* Common.framework in Embed Frameworks */ = {isa = PBXBuildFile; fileRef = 8B9130EB2831754600E870AA /* Common.framework */; settings = {ATTRIBUTES = (CodeSignOnCopy, RemoveHeadersOnCopy, ); }; };
		8B91314A283192F800E870AA /* HeroesActions.swift in Sources */ = {isa = PBXBuildFile; fileRef = 8B913149283192F800E870AA /* HeroesActions.swift */; };
		8B9131832831AF0000E870AA /* HeroState.swift in Sources */ = {isa = PBXBuildFile; fileRef = 8B9131822831AF0000E870AA /* HeroState.swift */; };
		8B9131862831B00100E870AA /* HeroesModelFactory.swift in Sources */ = {isa = PBXBuildFile; fileRef = 8B9131852831B00100E870AA /* HeroesModelFactory.swift */; };
		8B9131962832319B00E870AA /* ServerAddressProviderInterface.swift in Sources */ = {isa = PBXBuildFile; fileRef = 8B9131952832319B00E870AA /* ServerAddressProviderInterface.swift */; };
		8BC9D170282FBE300004D46B /* Domain.docc in Sources */ = {isa = PBXBuildFile; fileRef = 8BC9D16F282FBE300004D46B /* Domain.docc */; };
		8BC9D176282FBE300004D46B /* Domain.framework in Frameworks */ = {isa = PBXBuildFile; fileRef = 8BC9D16B282FBE300004D46B /* Domain.framework */; };
		8BC9D17B282FBE300004D46B /* DomainTests.swift in Sources */ = {isa = PBXBuildFile; fileRef = 8BC9D17A282FBE300004D46B /* DomainTests.swift */; };
		8BC9D17C282FBE300004D46B /* Domain.h in Headers */ = {isa = PBXBuildFile; fileRef = 8BC9D16E282FBE300004D46B /* Domain.h */; settings = {ATTRIBUTES = (Public, ); }; };
/* End PBXBuildFile section */

/* Begin PBXContainerItemProxy section */
		8BC9D177282FBE300004D46B /* PBXContainerItemProxy */ = {
			isa = PBXContainerItemProxy;
			containerPortal = 8BC9D162282FBE2F0004D46B /* Project object */;
			proxyType = 1;
			remoteGlobalIDString = 8BC9D16A282FBE300004D46B;
			remoteInfo = Domain;
		};
/* End PBXContainerItemProxy section */

/* Begin PBXCopyFilesBuildPhase section */
		8B9130EE2831754600E870AA /* Embed Frameworks */ = {
			isa = PBXCopyFilesBuildPhase;
			buildActionMask = 2147483647;
			dstPath = "";
			dstSubfolderSpec = 10;
			files = (
				8B9130ED2831754600E870AA /* Common.framework in Embed Frameworks */,
			);
			name = "Embed Frameworks";
			runOnlyForDeploymentPostprocessing = 0;
		};
/* End PBXCopyFilesBuildPhase section */

/* Begin PBXFileReference section */
		8B9130D42831729000E870AA /* Hero.swift */ = {isa = PBXFileReference; lastKnownFileType = sourcecode.swift; path = Hero.swift; sourceTree = "<group>"; };
		8B9130D62831732D00E870AA /* HeroError.swift */ = {isa = PBXFileReference; lastKnownFileType = sourcecode.swift; path = HeroError.swift; sourceTree = "<group>"; };
		8B9130DB2831738700E870AA /* HeroDetails.swift */ = {isa = PBXFileReference; lastKnownFileType = sourcecode.swift; path = HeroDetails.swift; sourceTree = "<group>"; };
		8B9130DD283173E900E870AA /* HeroDetailsError.swift */ = {isa = PBXFileReference; lastKnownFileType = sourcecode.swift; path = HeroDetailsError.swift; sourceTree = "<group>"; };
		8B9130E5283174E600E870AA /* LoadHeroesUseCaseInterface.swift */ = {isa = PBXFileReference; lastKnownFileType = sourcecode.swift; path = LoadHeroesUseCaseInterface.swift; sourceTree = "<group>"; };
		8B9130EB2831754600E870AA /* Common.framework */ = {isa = PBXFileReference; explicitFileType = wrapper.framework; path = Common.framework; sourceTree = BUILT_PRODUCTS_DIR; };
		8B913149283192F800E870AA /* HeroesActions.swift */ = {isa = PBXFileReference; lastKnownFileType = sourcecode.swift; path = HeroesActions.swift; sourceTree = "<group>"; };
		8B9131822831AF0000E870AA /* HeroState.swift */ = {isa = PBXFileReference; lastKnownFileType = sourcecode.swift; path = HeroState.swift; sourceTree = "<group>"; };
		8B9131852831B00100E870AA /* HeroesModelFactory.swift */ = {isa = PBXFileReference; lastKnownFileType = sourcecode.swift; path = HeroesModelFactory.swift; sourceTree = "<group>"; };
		8B9131952832319B00E870AA /* ServerAddressProviderInterface.swift */ = {isa = PBXFileReference; lastKnownFileType = sourcecode.swift; path = ServerAddressProviderInterface.swift; sourceTree = "<group>"; };
		8BC9D16B282FBE300004D46B /* Domain.framework */ = {isa = PBXFileReference; explicitFileType = wrapper.framework; includeInIndex = 0; path = Domain.framework; sourceTree = BUILT_PRODUCTS_DIR; };
		8BC9D16E282FBE300004D46B /* Domain.h */ = {isa = PBXFileReference; lastKnownFileType = sourcecode.c.h; path = Domain.h; sourceTree = "<group>"; };
		8BC9D16F282FBE300004D46B /* Domain.docc */ = {isa = PBXFileReference; lastKnownFileType = folder.documentationcatalog; path = Domain.docc; sourceTree = "<group>"; };
		8BC9D175282FBE300004D46B /* DomainTests.xctest */ = {isa = PBXFileReference; explicitFileType = wrapper.cfbundle; includeInIndex = 0; path = DomainTests.xctest; sourceTree = BUILT_PRODUCTS_DIR; };
		8BC9D17A282FBE300004D46B /* DomainTests.swift */ = {isa = PBXFileReference; lastKnownFileType = sourcecode.swift; path = DomainTests.swift; sourceTree = "<group>"; };
/* End PBXFileReference section */

/* Begin PBXFrameworksBuildPhase section */
		8BC9D168282FBE300004D46B /* Frameworks */ = {
			isa = PBXFrameworksBuildPhase;
			buildActionMask = 2147483647;
			files = (
				8B9130EC2831754600E870AA /* Common.framework in Frameworks */,
			);
			runOnlyForDeploymentPostprocessing = 0;
		};
		8BC9D172282FBE300004D46B /* Frameworks */ = {
			isa = PBXFrameworksBuildPhase;
			buildActionMask = 2147483647;
			files = (
				8BC9D176282FBE300004D46B /* Domain.framework in Frameworks */,
			);
			runOnlyForDeploymentPostprocessing = 0;
		};
/* End PBXFrameworksBuildPhase section */

/* Begin PBXGroup section */
		8B9130D02831726C00E870AA /* Heroes */ = {
			isa = PBXGroup;
			children = (
				8B9130D12831727300E870AA /* List */,
			);
			path = Heroes;
			sourceTree = "<group>";
		};
		8B9130D12831727300E870AA /* List */ = {
			isa = PBXGroup;
			children = (
				8B9131842831AFF100E870AA /* Factories */,
				8B913148283192E300E870AA /* Actions */,
				8B9130E4283174CB00E870AA /* UseCases */,
				8B9130D22831727A00E870AA /* Store */,
			);
			path = List;
			sourceTree = "<group>";
		};
		8B9130D22831727A00E870AA /* Store */ = {
			isa = PBXGroup;
			children = (
				8B9130D32831727F00E870AA /* Models */,
				8B9131822831AF0000E870AA /* HeroState.swift */,
			);
			path = Store;
			sourceTree = "<group>";
		};
		8B9130D32831727F00E870AA /* Models */ = {
			isa = PBXGroup;
			children = (
				8B9130D42831729000E870AA /* Hero.swift */,
				8B9130D62831732D00E870AA /* HeroError.swift */,
				8B9130DB2831738700E870AA /* HeroDetails.swift */,
				8B9130DD283173E900E870AA /* HeroDetailsError.swift */,
			);
			path = Models;
			sourceTree = "<group>";
		};
		8B9130E4283174CB00E870AA /* UseCases */ = {
			isa = PBXGroup;
			children = (
				8B9130E5283174E600E870AA /* LoadHeroesUseCaseInterface.swift */,
			);
			path = UseCases;
			sourceTree = "<group>";
		};
		8B9130EA2831754600E870AA /* Frameworks */ = {
			isa = PBXGroup;
			children = (
				8B9130EB2831754600E870AA /* Common.framework */,
			);
			name = Frameworks;
			sourceTree = "<group>";
		};
		8B913148283192E300E870AA /* Actions */ = {
			isa = PBXGroup;
			children = (
				8B913149283192F800E870AA /* HeroesActions.swift */,
			);
			path = Actions;
			sourceTree = "<group>";
		};
		8B9131842831AFF100E870AA /* Factories */ = {
			isa = PBXGroup;
			children = (
				8B9131852831B00100E870AA /* HeroesModelFactory.swift */,
			);
			path = Factories;
			sourceTree = "<group>";
		};
		8B9131932832318100E870AA /* Common */ = {
			isa = PBXGroup;
			children = (
				8B9131942832318900E870AA /* Protocols */,
			);
			path = Common;
			sourceTree = "<group>";
		};
		8B9131942832318900E870AA /* Protocols */ = {
			isa = PBXGroup;
			children = (
				8B9131952832319B00E870AA /* ServerAddressProviderInterface.swift */,
			);
			path = Protocols;
			sourceTree = "<group>";
		};
		8BC9D161282FBE2F0004D46B = {
			isa = PBXGroup;
			children = (
				8BC9D16D282FBE300004D46B /* Domain */,
				8BC9D179282FBE300004D46B /* DomainTests */,
				8BC9D16C282FBE300004D46B /* Products */,
				8B9130EA2831754600E870AA /* Frameworks */,
			);
			sourceTree = "<group>";
		};
		8BC9D16C282FBE300004D46B /* Products */ = {
			isa = PBXGroup;
			children = (
				8BC9D16B282FBE300004D46B /* Domain.framework */,
				8BC9D175282FBE300004D46B /* DomainTests.xctest */,
			);
			name = Products;
			sourceTree = "<group>";
		};
		8BC9D16D282FBE300004D46B /* Domain */ = {
			isa = PBXGroup;
			children = (
				8B9131932832318100E870AA /* Common */,
				8B9130D02831726C00E870AA /* Heroes */,
				8BC9D16E282FBE300004D46B /* Domain.h */,
				8BC9D16F282FBE300004D46B /* Domain.docc */,
			);
			path = Domain;
			sourceTree = "<group>";
		};
		8BC9D179282FBE300004D46B /* DomainTests */ = {
			isa = PBXGroup;
			children = (
				8BC9D17A282FBE300004D46B /* DomainTests.swift */,
			);
			path = DomainTests;
			sourceTree = "<group>";
		};
/* End PBXGroup section */

/* Begin PBXHeadersBuildPhase section */
		8BC9D166282FBE300004D46B /* Headers */ = {
			isa = PBXHeadersBuildPhase;
			buildActionMask = 2147483647;
			files = (
				8BC9D17C282FBE300004D46B /* Domain.h in Headers */,
			);
			runOnlyForDeploymentPostprocessing = 0;
		};
/* End PBXHeadersBuildPhase section */

/* Begin PBXNativeTarget section */
		8BC9D16A282FBE300004D46B /* Domain */ = {
			isa = PBXNativeTarget;
			buildConfigurationList = 8BC9D17F282FBE300004D46B /* Build configuration list for PBXNativeTarget "Domain" */;
			buildPhases = (
				8BC9D166282FBE300004D46B /* Headers */,
				8BC9D167282FBE300004D46B /* Sources */,
				8BC9D168282FBE300004D46B /* Frameworks */,
				8BC9D169282FBE300004D46B /* Resources */,
				8B9130EE2831754600E870AA /* Embed Frameworks */,
			);
			buildRules = (
			);
			dependencies = (
			);
			name = Domain;
			productName = Domain;
			productReference = 8BC9D16B282FBE300004D46B /* Domain.framework */;
			productType = "com.apple.product-type.framework";
		};
		8BC9D174282FBE300004D46B /* DomainTests */ = {
			isa = PBXNativeTarget;
			buildConfigurationList = 8BC9D182282FBE300004D46B /* Build configuration list for PBXNativeTarget "DomainTests" */;
			buildPhases = (
				8BC9D171282FBE300004D46B /* Sources */,
				8BC9D172282FBE300004D46B /* Frameworks */,
				8BC9D173282FBE300004D46B /* Resources */,
			);
			buildRules = (
			);
			dependencies = (
				8BC9D178282FBE300004D46B /* PBXTargetDependency */,
			);
			name = DomainTests;
			productName = DomainTests;
			productReference = 8BC9D175282FBE300004D46B /* DomainTests.xctest */;
			productType = "com.apple.product-type.bundle.unit-test";
		};
/* End PBXNativeTarget section */

/* Begin PBXProject section */
		8BC9D162282FBE2F0004D46B /* Project object */ = {
			isa = PBXProject;
			attributes = {
				BuildIndependentTargetsInParallel = 1;
				LastSwiftUpdateCheck = 1330;
				LastUpgradeCheck = 1330;
				TargetAttributes = {
					8BC9D16A282FBE300004D46B = {
						CreatedOnToolsVersion = 13.3.1;
					};
					8BC9D174282FBE300004D46B = {
						CreatedOnToolsVersion = 13.3.1;
					};
				};
			};
			buildConfigurationList = 8BC9D165282FBE2F0004D46B /* Build configuration list for PBXProject "Domain" */;
			compatibilityVersion = "Xcode 13.0";
			developmentRegion = en;
			hasScannedForEncodings = 0;
			knownRegions = (
				en,
				Base,
			);
			mainGroup = 8BC9D161282FBE2F0004D46B;
			productRefGroup = 8BC9D16C282FBE300004D46B /* Products */;
			projectDirPath = "";
			projectRoot = "";
			targets = (
				8BC9D16A282FBE300004D46B /* Domain */,
				8BC9D174282FBE300004D46B /* DomainTests */,
			);
		};
/* End PBXProject section */

/* Begin PBXResourcesBuildPhase section */
		8BC9D169282FBE300004D46B /* Resources */ = {
			isa = PBXResourcesBuildPhase;
			buildActionMask = 2147483647;
			files = (
			);
			runOnlyForDeploymentPostprocessing = 0;
		};
		8BC9D173282FBE300004D46B /* Resources */ = {
			isa = PBXResourcesBuildPhase;
			buildActionMask = 2147483647;
			files = (
			);
			runOnlyForDeploymentPostprocessing = 0;
		};
/* End PBXResourcesBuildPhase section */

/* Begin PBXSourcesBuildPhase section */
		8BC9D167282FBE300004D46B /* Sources */ = {
			isa = PBXSourcesBuildPhase;
			buildActionMask = 2147483647;
			files = (
				8B9130DC2831738700E870AA /* HeroDetails.swift in Sources */,
				8B9131832831AF0000E870AA /* HeroState.swift in Sources */,
				8B9131962832319B00E870AA /* ServerAddressProviderInterface.swift in Sources */,
				8B9130DE283173E900E870AA /* HeroDetailsError.swift in Sources */,
				8B9130E6283174E600E870AA /* LoadHeroesUseCaseInterface.swift in Sources */,
				8B9130D72831732D00E870AA /* HeroError.swift in Sources */,
				8B91314A283192F800E870AA /* HeroesActions.swift in Sources */,
				8B9131862831B00100E870AA /* HeroesModelFactory.swift in Sources */,
				8BC9D170282FBE300004D46B /* Domain.docc in Sources */,
				8B9130D52831729000E870AA /* Hero.swift in Sources */,
			);
			runOnlyForDeploymentPostprocessing = 0;
		};
		8BC9D171282FBE300004D46B /* Sources */ = {
			isa = PBXSourcesBuildPhase;
			buildActionMask = 2147483647;
			files = (
				8BC9D17B282FBE300004D46B /* DomainTests.swift in Sources */,
			);
			runOnlyForDeploymentPostprocessing = 0;
		};
/* End PBXSourcesBuildPhase section */

/* Begin PBXTargetDependency section */
		8BC9D178282FBE300004D46B /* PBXTargetDependency */ = {
			isa = PBXTargetDependency;
			target = 8BC9D16A282FBE300004D46B /* Domain */;
			targetProxy = 8BC9D177282FBE300004D46B /* PBXContainerItemProxy */;
		};
/* End PBXTargetDependency section */

/* Begin XCBuildConfiguration section */
		8BC9D17D282FBE300004D46B /* Debug */ = {
			isa = XCBuildConfiguration;
			buildSettings = {
				ALWAYS_SEARCH_USER_PATHS = NO;
				CLANG_ANALYZER_NONNULL = YES;
				CLANG_ANALYZER_NUMBER_OBJECT_CONVERSION = YES_AGGRESSIVE;
				CLANG_CXX_LANGUAGE_STANDARD = "gnu++17";
				CLANG_ENABLE_MODULES = YES;
				CLANG_ENABLE_OBJC_ARC = YES;
				CLANG_ENABLE_OBJC_WEAK = YES;
				CLANG_WARN_BLOCK_CAPTURE_AUTORELEASING = YES;
				CLANG_WARN_BOOL_CONVERSION = YES;
				CLANG_WARN_COMMA = YES;
				CLANG_WARN_CONSTANT_CONVERSION = YES;
				CLANG_WARN_DEPRECATED_OBJC_IMPLEMENTATIONS = YES;
				CLANG_WARN_DIRECT_OBJC_ISA_USAGE = YES_ERROR;
				CLANG_WARN_DOCUMENTATION_COMMENTS = YES;
				CLANG_WARN_EMPTY_BODY = YES;
				CLANG_WARN_ENUM_CONVERSION = YES;
				CLANG_WARN_INFINITE_RECURSION = YES;
				CLANG_WARN_INT_CONVERSION = YES;
				CLANG_WARN_NON_LITERAL_NULL_CONVERSION = YES;
				CLANG_WARN_OBJC_IMPLICIT_RETAIN_SELF = YES;
				CLANG_WARN_OBJC_LITERAL_CONVERSION = YES;
				CLANG_WARN_OBJC_ROOT_CLASS = YES_ERROR;
				CLANG_WARN_QUOTED_INCLUDE_IN_FRAMEWORK_HEADER = YES;
				CLANG_WARN_RANGE_LOOP_ANALYSIS = YES;
				CLANG_WARN_STRICT_PROTOTYPES = YES;
				CLANG_WARN_SUSPICIOUS_MOVE = YES;
				CLANG_WARN_UNGUARDED_AVAILABILITY = YES_AGGRESSIVE;
				CLANG_WARN_UNREACHABLE_CODE = YES;
				CLANG_WARN__DUPLICATE_METHOD_MATCH = YES;
				COPY_PHASE_STRIP = NO;
				CURRENT_PROJECT_VERSION = 1;
				DEBUG_INFORMATION_FORMAT = dwarf;
				ENABLE_STRICT_OBJC_MSGSEND = YES;
				ENABLE_TESTABILITY = YES;
				GCC_C_LANGUAGE_STANDARD = gnu11;
				GCC_DYNAMIC_NO_PIC = NO;
				GCC_NO_COMMON_BLOCKS = YES;
				GCC_OPTIMIZATION_LEVEL = 0;
				GCC_PREPROCESSOR_DEFINITIONS = (
					"DEBUG=1",
					"$(inherited)",
				);
				GCC_WARN_64_TO_32_BIT_CONVERSION = YES;
				GCC_WARN_ABOUT_RETURN_TYPE = YES_ERROR;
				GCC_WARN_UNDECLARED_SELECTOR = YES;
				GCC_WARN_UNINITIALIZED_AUTOS = YES_AGGRESSIVE;
				GCC_WARN_UNUSED_FUNCTION = YES;
				GCC_WARN_UNUSED_VARIABLE = YES;
				IPHONEOS_DEPLOYMENT_TARGET = 15.4;
				MTL_ENABLE_DEBUG_INFO = INCLUDE_SOURCE;
				MTL_FAST_MATH = YES;
				ONLY_ACTIVE_ARCH = YES;
				SDKROOT = iphoneos;
				SWIFT_ACTIVE_COMPILATION_CONDITIONS = DEBUG;
				SWIFT_OPTIMIZATION_LEVEL = "-Onone";
				VERSIONING_SYSTEM = "apple-generic";
				VERSION_INFO_PREFIX = "";
			};
			name = Debug;
		};
		8BC9D17E282FBE300004D46B /* Release */ = {
			isa = XCBuildConfiguration;
			buildSettings = {
				ALWAYS_SEARCH_USER_PATHS = NO;
				CLANG_ANALYZER_NONNULL = YES;
				CLANG_ANALYZER_NUMBER_OBJECT_CONVERSION = YES_AGGRESSIVE;
				CLANG_CXX_LANGUAGE_STANDARD = "gnu++17";
				CLANG_ENABLE_MODULES = YES;
				CLANG_ENABLE_OBJC_ARC = YES;
				CLANG_ENABLE_OBJC_WEAK = YES;
				CLANG_WARN_BLOCK_CAPTURE_AUTORELEASING = YES;
				CLANG_WARN_BOOL_CONVERSION = YES;
				CLANG_WARN_COMMA = YES;
				CLANG_WARN_CONSTANT_CONVERSION = YES;
				CLANG_WARN_DEPRECATED_OBJC_IMPLEMENTATIONS = YES;
				CLANG_WARN_DIRECT_OBJC_ISA_USAGE = YES_ERROR;
				CLANG_WARN_DOCUMENTATION_COMMENTS = YES;
				CLANG_WARN_EMPTY_BODY = YES;
				CLANG_WARN_ENUM_CONVERSION = YES;
				CLANG_WARN_INFINITE_RECURSION = YES;
				CLANG_WARN_INT_CONVERSION = YES;
				CLANG_WARN_NON_LITERAL_NULL_CONVERSION = YES;
				CLANG_WARN_OBJC_IMPLICIT_RETAIN_SELF = YES;
				CLANG_WARN_OBJC_LITERAL_CONVERSION = YES;
				CLANG_WARN_OBJC_ROOT_CLASS = YES_ERROR;
				CLANG_WARN_QUOTED_INCLUDE_IN_FRAMEWORK_HEADER = YES;
				CLANG_WARN_RANGE_LOOP_ANALYSIS = YES;
				CLANG_WARN_STRICT_PROTOTYPES = YES;
				CLANG_WARN_SUSPICIOUS_MOVE = YES;
				CLANG_WARN_UNGUARDED_AVAILABILITY = YES_AGGRESSIVE;
				CLANG_WARN_UNREACHABLE_CODE = YES;
				CLANG_WARN__DUPLICATE_METHOD_MATCH = YES;
				COPY_PHASE_STRIP = NO;
				CURRENT_PROJECT_VERSION = 1;
				DEBUG_INFORMATION_FORMAT = "dwarf-with-dsym";
				ENABLE_NS_ASSERTIONS = NO;
				ENABLE_STRICT_OBJC_MSGSEND = YES;
				GCC_C_LANGUAGE_STANDARD = gnu11;
				GCC_NO_COMMON_BLOCKS = YES;
				GCC_WARN_64_TO_32_BIT_CONVERSION = YES;
				GCC_WARN_ABOUT_RETURN_TYPE = YES_ERROR;
				GCC_WARN_UNDECLARED_SELECTOR = YES;
				GCC_WARN_UNINITIALIZED_AUTOS = YES_AGGRESSIVE;
				GCC_WARN_UNUSED_FUNCTION = YES;
				GCC_WARN_UNUSED_VARIABLE = YES;
				IPHONEOS_DEPLOYMENT_TARGET = 15.4;
				MTL_ENABLE_DEBUG_INFO = NO;
				MTL_FAST_MATH = YES;
				SDKROOT = iphoneos;
				SWIFT_COMPILATION_MODE = wholemodule;
				SWIFT_OPTIMIZATION_LEVEL = "-O";
				VALIDATE_PRODUCT = YES;
				VERSIONING_SYSTEM = "apple-generic";
				VERSION_INFO_PREFIX = "";
			};
			name = Release;
		};
		8BC9D180282FBE300004D46B /* Debug */ = {
			isa = XCBuildConfiguration;
			buildSettings = {
				CODE_SIGN_STYLE = Automatic;
				CURRENT_PROJECT_VERSION = 1;
				DEFINES_MODULE = YES;
				DEVELOPMENT_TEAM = C2374G5TD6;
				DYLIB_COMPATIBILITY_VERSION = 1;
				DYLIB_CURRENT_VERSION = 1;
				DYLIB_INSTALL_NAME_BASE = "@rpath";
				GENERATE_INFOPLIST_FILE = YES;
				INFOPLIST_KEY_NSHumanReadableCopyright = "";
				INSTALL_PATH = "$(LOCAL_LIBRARY_DIR)/Frameworks";
				LD_RUNPATH_SEARCH_PATHS = (
					"$(inherited)",
					"@executable_path/Frameworks",
					"@loader_path/Frameworks",
				);
				MARKETING_VERSION = 1.0;
				PRODUCT_BUNDLE_IDENTIFIER = test.Domain;
				PRODUCT_NAME = "$(TARGET_NAME:c99extidentifier)";
				SKIP_INSTALL = YES;
				SWIFT_EMIT_LOC_STRINGS = YES;
				SWIFT_VERSION = 5.0;
				TARGETED_DEVICE_FAMILY = "1,2";
			};
			name = Debug;
		};
		8BC9D181282FBE300004D46B /* Release */ = {
			isa = XCBuildConfiguration;
			buildSettings = {
				CODE_SIGN_STYLE = Automatic;
				CURRENT_PROJECT_VERSION = 1;
				DEFINES_MODULE = YES;
				DEVELOPMENT_TEAM = C2374G5TD6;
				DYLIB_COMPATIBILITY_VERSION = 1;
				DYLIB_CURRENT_VERSION = 1;
				DYLIB_INSTALL_NAME_BASE = "@rpath";
				GENERATE_INFOPLIST_FILE = YES;
				INFOPLIST_KEY_NSHumanReadableCopyright = "";
				INSTALL_PATH = "$(LOCAL_LIBRARY_DIR)/Frameworks";
				LD_RUNPATH_SEARCH_PATHS = (
					"$(inherited)",
					"@executable_path/Frameworks",
					"@loader_path/Frameworks",
				);
				MARKETING_VERSION = 1.0;
				PRODUCT_BUNDLE_IDENTIFIER = test.Domain;
				PRODUCT_NAME = "$(TARGET_NAME:c99extidentifier)";
				SKIP_INSTALL = YES;
				SWIFT_EMIT_LOC_STRINGS = YES;
				SWIFT_VERSION = 5.0;
				TARGETED_DEVICE_FAMILY = "1,2";
			};
			name = Release;
		};
		8BC9D183282FBE300004D46B /* Debug */ = {
			isa = XCBuildConfiguration;
			buildSettings = {
				ALWAYS_EMBED_SWIFT_STANDARD_LIBRARIES = YES;
				CODE_SIGN_STYLE = Automatic;
				CURRENT_PROJECT_VERSION = 1;
				DEVELOPMENT_TEAM = C2374G5TD6;
				GENERATE_INFOPLIST_FILE = YES;
				MARKETING_VERSION = 1.0;
				PRODUCT_BUNDLE_IDENTIFIER = test.DomainTests;
				PRODUCT_NAME = "$(TARGET_NAME)";
				SWIFT_EMIT_LOC_STRINGS = NO;
				SWIFT_VERSION = 5.0;
				TARGETED_DEVICE_FAMILY = "1,2";
			};
			name = Debug;
		};
		8BC9D184282FBE300004D46B /* Release */ = {
			isa = XCBuildConfiguration;
			buildSettings = {
				ALWAYS_EMBED_SWIFT_STANDARD_LIBRARIES = YES;
				CODE_SIGN_STYLE = Automatic;
				CURRENT_PROJECT_VERSION = 1;
				DEVELOPMENT_TEAM = C2374G5TD6;
				GENERATE_INFOPLIST_FILE = YES;
				MARKETING_VERSION = 1.0;
				PRODUCT_BUNDLE_IDENTIFIER = test.DomainTests;
				PRODUCT_NAME = "$(TARGET_NAME)";
				SWIFT_EMIT_LOC_STRINGS = NO;
				SWIFT_VERSION = 5.0;
				TARGETED_DEVICE_FAMILY = "1,2";
			};
			name = Release;
		};
/* End XCBuildConfiguration section */

/* Begin XCConfigurationList section */
		8BC9D165282FBE2F0004D46B /* Build configuration list for PBXProject "Domain" */ = {
			isa = XCConfigurationList;
			buildConfigurations = (
				8BC9D17D282FBE300004D46B /* Debug */,
				8BC9D17E282FBE300004D46B /* Release */,
			);
			defaultConfigurationIsVisible = 0;
			defaultConfigurationName = Release;
		};
		8BC9D17F282FBE300004D46B /* Build configuration list for PBXNativeTarget "Domain" */ = {
			isa = XCConfigurationList;
			buildConfigurations = (
				8BC9D180282FBE300004D46B /* Debug */,
				8BC9D181282FBE300004D46B /* Release */,
			);
			defaultConfigurationIsVisible = 0;
			defaultConfigurationName = Release;
		};
		8BC9D182282FBE300004D46B /* Build configuration list for PBXNativeTarget "DomainTests" */ = {
			isa = XCConfigurationList;
			buildConfigurations = (
				8BC9D183282FBE300004D46B /* Debug */,
				8BC9D184282FBE300004D46B /* Release */,
			);
			defaultConfigurationIsVisible = 0;
			defaultConfigurationName = Release;
		};
/* End XCConfigurationList section */
	};
	rootObject = 8BC9D162282FBE2F0004D46B /* Project object */;
}
